<?xml version="1.0" encoding="utf-8"?>
<Project ToolsVersion="4.0" xmlns="http://schemas.microsoft.com/developer/msbuild/2003">
  <ItemGroup>
    <Filter Include="소스 파일">
      <UniqueIdentifier>{4FC737F1-C7A5-4376-A066-2A32D752A2FF}</UniqueIdentifier>
      <Extensions>cpp;c;cc;cxx;def;odl;idl;hpj;bat;asm;asmx</Extensions>
    </Filter>
    <Filter Include="헤더 파일">
      <UniqueIdentifier>{93995380-89BD-4b04-88EB-625FBE52EBFB}</UniqueIdentifier>
      <Extensions>h;hh;hpp;hxx;hm;inl;inc;ipp;xsd</Extensions>
    </Filter>
    <Filter Include="리소스 파일">
      <UniqueIdentifier>{67DA6AB6-F800-4c08-8B7A-83BB121AAD01}</UniqueIdentifier>
      <Extensions>rc;ico;cur;bmp;dlg;rc2;rct;bin;rgs;gif;jpg;jpeg;jpe;resx;tiff;tif;png;wav;mfcribbon-ms</Extensions>
    </Filter>
  </ItemGroup>
  <ItemGroup>
    <ClInclude Include="stdafx.h">
      <Filter>헤더 파일</Filter>
    </ClInclude>
    <ClInclude Include="targetver.h">
      <Filter>헤더 파일</Filter>
    </ClInclude>
    <ClInclude Include="Resource.h">
      <Filter>헤더 파일</Filter>
    </ClInclude>
    <ClInclude Include="ShootingDefence_2019_7_9.h">
      <Filter>헤더 파일</Filter>
    </ClInclude>
    <ClInclude Include="CMyMain.h">
      <Filter>헤더 파일</Filter>
    </ClInclude>
    <ClInclude Include="CBackGround.h">
      <Filter>헤더 파일</Filter>
    </ClInclude>
    <ClInclude Include="CHero.h">
      <Filter>헤더 파일</Filter>
    </ClInclude>
    <ClInclude Include="Vector2D.h">
      <Filter>헤더 파일</Filter>
    </ClInclude>
    <ClInclude Include="CBullet_Mgr.h">
      <Filter>헤더 파일</Filter>
    </ClInclude>
    <ClInclude Include="CMonster_Mgr.h">
      <Filter>헤더 파일</Filter>
    </ClInclude>
    <ClInclude Include="CItem_Mgr.h">
      <Filter>헤더 파일</Filter>
    </ClInclude>
    <ClInclude Include="CUI_Manager.h">
      <Filter>헤더 파일</Filter>
    </ClInclude>
    <ClInclude Include="GlobalValue.h">
      <Filter>헤더 파일</Filter>
    </ClInclude>
    <ClInclude Include="CUnit.h">
      <Filter>헤더 파일</Filter>
    </ClInclude>
    <ClInclude Include="CAnimData.h">
      <Filter>헤더 파일</Filter>
    </ClInclude>
    <ClInclude Include="CBossMon.h">
      <Filter>헤더 파일</Filter>
    </ClInclude>
  </ItemGroup>
  <ItemGroup>
    <ClCompile Include="stdafx.cpp">
      <Filter>소스 파일</Filter>
    </ClCompile>
    <ClCompile Include="ShootingDefence_2019_7_9.cpp">
      <Filter>소스 파일</Filter>
    </ClCompile>
    <ClCompile Include="CMyMain.cpp">
      <Filter>소스 파일</Filter>
    </ClCompile>
    <ClCompile Include="CBackGround.cpp">
      <Filter>소스 파일</Filter>
    </ClCompile>
    <ClCompile Include="CHero.cpp">
      <Filter>소스 파일</Filter>
    </ClCompile>
    <ClCompile Include="Vector2D.cpp">
      <Filter>소스 파일</Filter>
    </ClCompile>
    <ClCompile Include="CBullet_Mgr.cpp">
      <Filter>소스 파일</Filter>
    </ClCompile>
    <ClCompile Include="CMonster_Mgr.cpp">
      <Filter>소스 파일</Filter>
    </ClCompile>
    <ClCompile Include="CItem_Mgr.cpp">
      <Filter>소스 파일</Filter>
    </ClCompile>
    <ClCompile Include="CUI_Manager.cpp">
      <Filter>소스 파일</Filter>
    </ClCompile>
    <ClCompile Include="GlobalValue.cpp">
      <Filter>소스 파일</Filter>
    </ClCompile>
    <ClCompile Include="CUnit.cpp">
      <Filter>소스 파일</Filter>
    </ClCompile>
    <ClCompile Include="CAnimData.cpp">
      <Filter>소스 파일</Filter>
    </ClCompile>
    <ClCompile Include="CBossMon.cpp">
      <Filter>소스 파일</Filter>
    </ClCompile>
  </ItemGroup>
  <ItemGroup>
    <ResourceCompile Include="ShootingDefence_2019_7_9.rc">
      <Filter>리소스 파일</Filter>
    </ResourceCompile>
  </ItemGroup>
  <ItemGroup>
    <Image Include="small.ico">
      <Filter>리소스 파일</Filter>
    </Image>
    <Image Include="ShootingDefence_2019_7_9.ico">
      <Filter>리소스 파일</Filter>
    </Image>
  </ItemGroup>
</Project>